# This file was autogenerated by Stack.
# You should not edit this file by hand.
# For more information, please see the documentation at:
#   https://docs.haskellstack.org/en/stable/lock_files

packages: []
snapshots:
- completed:
    size: 529536
    url: https://raw.githubusercontent.com/commercialhaskell/stackage-snapshots/master/nightly/2019/9/13.yaml
    sha256: c56bcd5aa406ab730cd03d5301d87ea664b98d0f8d0ac34d4f97eeded979c977
  original: nightly-2019-09-13
